{
  "name": "klotski",
  "version": "3.4.0",
  "lockfileVersion": 1,
  "requires": true,
  "dependencies": {
    "hrd-solver": {
      "version": "1.0.8",
      "resolved": "https://registry.npmjs.org/hrd-solver/-/hrd-solver-1.0.8.tgz",
      "integrity": "sha512-X9MBrWQh34kfFQ9T6x7Ew5w8v9xPAmletbIwwK7I2xI7vM4F/RCV0aXYqcs5Yu8JYMhycvYNUAwf1sEuwbmu1A==",
      "dev": true
    }
  }
}
